
Microsoft Visual Studio Solution File, Format Version 10.00
# Visual Studio 2008
Project("{2150E333-8FDC-42A3-9474-1A3956D46DE8}") = "Solution Items", "Solution Items", "{23CF45EA-C094-4990-8AA7-FFB654673050}"
	ProjectSection(SolutionItems) = preProject
		codecoverage.testrunconfig = codecoverage.testrunconfig
		definitions.xml = definitions.xml
		Ideas.htm = Ideas.htm
		doc\LinqToRdf - Issue Log.url = doc\LinqToRdf - Issue Log.url
		doc\manual\linqtordf-manual.pdf = doc\manual\linqtordf-manual.pdf
		doc\manual\linqtordf-manual.tex = doc\manual\linqtordf-manual.tex
		linqtordf.vsmdi = linqtordf.vsmdi
		master.build = master.build
		src\unit-testing\unit-tests\music.n3 = src\unit-testing\unit-tests\music.n3
		doc\manual\rdfmetal-manual.pdf = doc\manual\rdfmetal-manual.pdf
		doc\manual\rdfmetal-manual.tex = doc\manual\rdfmetal-manual.tex
		src\unit-testing\unit-tests\store3.n3 = src\unit-testing\unit-tests\store3.n3
		src\unit-testing\standard-test-data\task-data.n3 = src\unit-testing\standard-test-data\task-data.n3
		src\unit-testing\standard-test-data\tasks.n3 = src\unit-testing\standard-test-data\tasks.n3
	EndProjectSection
	ProjectSection(FolderStartupServices) = postProject
		{B4F97281-0DBD-4835-9ED8-7DFB966E87FF} = {B4F97281-0DBD-4835-9ED8-7DFB966E87FF}
	EndProjectSection
EndProject
Project("{FAE04EC0-301F-11D3-BF4B-00C04F79EFBC}") = "linqtordf", "src\linqtordf\linqtordf.csproj", "{DCB04931-F2F1-45CA-B857-233D7B0AC615}"
EndProject
Project("{FAE04EC0-301F-11D3-BF4B-00C04F79EFBC}") = "unit-tests", "src\unit-testing\unit-tests\unit-tests.csproj", "{8BAC4EF7-87A2-4B85-B4ED-AFE9D38A8DB5}"
EndProject
Project("{FAE04EC0-301F-11D3-BF4B-00C04F79EFBC}") = "rdf-music", "src\unit-testing\rdf-music\rdf-music.csproj", "{C1B5CACB-CCC2-4440-ADE2-CE4FF9A5EFE1}"
EndProject
Project("{54435603-DBB4-11D2-8724-00A0C9A8B90C}") = "LinqToRdfInstaller", "src\LinqToRdfInstaller\LinqToRdfInstaller.vdproj", "{0FB23ECB-7B0C-44DD-AC4B-6E5423862D69}"
EndProject
Project("{FAE04EC0-301F-11D3-BF4B-00C04F79EFBC}") = "website", "src\website\website.csproj", "{27A77018-E35F-445F-9C2F-437CEDE691D6}"
EndProject
Project("{FAE04EC0-301F-11D3-BF4B-00C04F79EFBC}") = "RdfMetal", "src\RdfMetal\RdfMetal.csproj", "{C7765FC0-D249-47F4-9F99-7C7E8ADEA1FC}"
EndProject
Project("{2150E333-8FDC-42A3-9474-1A3956D46DE8}") = "test", "test", "{1A17C1C4-238C-4BA0-BF71-6E1A3B176539}"
EndProject
Project("{2150E333-8FDC-42A3-9474-1A3956D46DE8}") = "install", "install", "{6517AC38-7552-42CD-A20C-38E16858802F}"
EndProject
Global
	GlobalSection(TestCaseManagementSettings) = postSolution
		CategoryFile = linqtordf.vsmdi
	EndGlobalSection
	GlobalSection(SolutionConfigurationPlatforms) = preSolution
		Debug|Any CPU = Debug|Any CPU
		Release|Any CPU = Release|Any CPU
	EndGlobalSection
	GlobalSection(ProjectConfigurationPlatforms) = postSolution
		{DCB04931-F2F1-45CA-B857-233D7B0AC615}.Debug|Any CPU.ActiveCfg = Debug|Any CPU
		{DCB04931-F2F1-45CA-B857-233D7B0AC615}.Debug|Any CPU.Build.0 = Debug|Any CPU
		{DCB04931-F2F1-45CA-B857-233D7B0AC615}.Release|Any CPU.ActiveCfg = Release|Any CPU
		{DCB04931-F2F1-45CA-B857-233D7B0AC615}.Release|Any CPU.Build.0 = Release|Any CPU
		{8BAC4EF7-87A2-4B85-B4ED-AFE9D38A8DB5}.Debug|Any CPU.ActiveCfg = Debug|Any CPU
		{8BAC4EF7-87A2-4B85-B4ED-AFE9D38A8DB5}.Debug|Any CPU.Build.0 = Debug|Any CPU
		{8BAC4EF7-87A2-4B85-B4ED-AFE9D38A8DB5}.Release|Any CPU.ActiveCfg = Release|Any CPU
		{8BAC4EF7-87A2-4B85-B4ED-AFE9D38A8DB5}.Release|Any CPU.Build.0 = Release|Any CPU
		{C1B5CACB-CCC2-4440-ADE2-CE4FF9A5EFE1}.Debug|Any CPU.ActiveCfg = Debug|Any CPU
		{C1B5CACB-CCC2-4440-ADE2-CE4FF9A5EFE1}.Debug|Any CPU.Build.0 = Debug|Any CPU
		{C1B5CACB-CCC2-4440-ADE2-CE4FF9A5EFE1}.Release|Any CPU.ActiveCfg = Release|Any CPU
		{C1B5CACB-CCC2-4440-ADE2-CE4FF9A5EFE1}.Release|Any CPU.Build.0 = Release|Any CPU
		{0FB23ECB-7B0C-44DD-AC4B-6E5423862D69}.Debug|Any CPU.ActiveCfg = Debug
		{0FB23ECB-7B0C-44DD-AC4B-6E5423862D69}.Release|Any CPU.ActiveCfg = Release
		{27A77018-E35F-445F-9C2F-437CEDE691D6}.Debug|Any CPU.ActiveCfg = Debug|Any CPU
		{27A77018-E35F-445F-9C2F-437CEDE691D6}.Debug|Any CPU.Build.0 = Debug|Any CPU
		{27A77018-E35F-445F-9C2F-437CEDE691D6}.Release|Any CPU.ActiveCfg = Release|Any CPU
		{27A77018-E35F-445F-9C2F-437CEDE691D6}.Release|Any CPU.Build.0 = Release|Any CPU
		{C7765FC0-D249-47F4-9F99-7C7E8ADEA1FC}.Debug|Any CPU.ActiveCfg = Debug|Any CPU
		{C7765FC0-D249-47F4-9F99-7C7E8ADEA1FC}.Debug|Any CPU.Build.0 = Debug|Any CPU
		{C7765FC0-D249-47F4-9F99-7C7E8ADEA1FC}.Release|Any CPU.ActiveCfg = Release|Any CPU
		{C7765FC0-D249-47F4-9F99-7C7E8ADEA1FC}.Release|Any CPU.Build.0 = Release|Any CPU
	EndGlobalSection
	GlobalSection(SolutionProperties) = preSolution
		HideSolutionNode = FALSE
	EndGlobalSection
	GlobalSection(NestedProjects) = preSolution
		{C1B5CACB-CCC2-4440-ADE2-CE4FF9A5EFE1} = {1A17C1C4-238C-4BA0-BF71-6E1A3B176539}
		{27A77018-E35F-445F-9C2F-437CEDE691D6} = {1A17C1C4-238C-4BA0-BF71-6E1A3B176539}
		{8BAC4EF7-87A2-4B85-B4ED-AFE9D38A8DB5} = {1A17C1C4-238C-4BA0-BF71-6E1A3B176539}
		{0FB23ECB-7B0C-44DD-AC4B-6E5423862D69} = {6517AC38-7552-42CD-A20C-38E16858802F}
	EndGlobalSection
	GlobalSection(TextTemplating) = postSolution
		TextTemplating = 1
	EndGlobalSection
EndGlobal
