
Microsoft Visual Studio Solution File, Format Version 10.00
# Visual Studio 2008
Project("{2150E333-8FDC-42A3-9474-1A3956D46DE8}") = "Solution Items", "Solution Items", "{23CF45EA-C094-4990-8AA7-FFB654673050}"
	ProjectSection(SolutionItems) = preProject
		codecoverage.testrunconfig = codecoverage.testrunconfig
		Ideas.htm = Ideas.htm
		doc\LinqToRdf - Issue Log.url = doc\LinqToRdf - Issue Log.url
		linqtordf.vsmdi = linqtordf.vsmdi
		src\unit-testing\unit-tests\music.n3 = src\unit-testing\unit-tests\music.n3
		src\unit-testing\unit-tests\store3.n3 = src\unit-testing\unit-tests\store3.n3
		src\unit-testing\standard-test-data\task-data.n3 = src\unit-testing\standard-test-data\task-data.n3
		src\unit-testing\standard-test-data\tasks.n3 = src\unit-testing\standard-test-data\tasks.n3
	EndProjectSection
	ProjectSection(FolderStartupServices) = postProject
		{B4F97281-0DBD-4835-9ED8-7DFB966E87FF} = {B4F97281-0DBD-4835-9ED8-7DFB966E87FF}
	EndProjectSection
EndProject
Project("{FAE04EC0-301F-11D3-BF4B-00C04F79EFBC}") = "linqtordf", "src\linqtordf\linqtordf.csproj", "{DCB04931-F2F1-45CA-B857-233D7B0AC615}"
EndProject
Project("{FAE04EC0-301F-11D3-BF4B-00C04F79EFBC}") = "unit-tests", "src\unit-testing\unit-tests\unit-tests.csproj", "{8BAC4EF7-87A2-4B85-B4ED-AFE9D38A8DB5}"
EndProject
Project("{FAE04EC0-301F-11D3-BF4B-00C04F79EFBC}") = "rdf-music", "src\unit-testing\rdf-music\rdf-music.csproj", "{C1B5CACB-CCC2-4440-ADE2-CE4FF9A5EFE1}"
EndProject
Project("{FAE04EC0-301F-11D3-BF4B-00C04F79EFBC}") = "Dsl", "src\LinqToRdfDesigner\Dsl\Dsl.csproj", "{D1DAE61C-25BF-4F7B-B408-196824C979F8}"
EndProject
Project("{FAE04EC0-301F-11D3-BF4B-00C04F79EFBC}") = "DslPackage", "src\LinqToRdfDesigner\DslPackage\DslPackage.csproj", "{0CB2434E-958D-473D-8163-AFBD6AE64C1F}"
EndProject
Project("{FAE04EC0-301F-11D3-BF4B-00C04F79EFBC}") = "LinqToRdfDesignerSetup", "src\LinqToRdfDesigner\LinqToRdfDesignerSetup\LinqToRdfDesignerSetup.csproj", "{FC7A5C6C-78A1-41E8-8F30-179AAAB3200B}"
	ProjectSection(ProjectDependencies) = postProject
		{DCB04931-F2F1-45CA-B857-233D7B0AC615} = {DCB04931-F2F1-45CA-B857-233D7B0AC615}
	EndProjectSection
EndProject
Project("{54435603-DBB4-11D2-8724-00A0C9A8B90C}") = "LinqToRdfInstaller", "src\LinqToRdfInstaller\LinqToRdfInstaller.vdproj", "{0FB23ECB-7B0C-44DD-AC4B-6E5423862D69}"
	ProjectSection(ProjectDependencies) = postProject
		{FC7A5C6C-78A1-41E8-8F30-179AAAB3200B} = {FC7A5C6C-78A1-41E8-8F30-179AAAB3200B}
	EndProjectSection
EndProject
Project("{FAE04EC0-301F-11D3-BF4B-00C04F79EFBC}") = "website", "src\website\website.csproj", "{27A77018-E35F-445F-9C2F-437CEDE691D6}"
EndProject
Project("{FAE04EC0-301F-11D3-BF4B-00C04F79EFBC}") = "RdfMetal", "src\RdfMetal\RdfMetal.csproj", "{C7765FC0-D249-47F4-9F99-7C7E8ADEA1FC}"
EndProject
Project("{FAE04EC0-301F-11D3-BF4B-00C04F79EFBC}") = "RdfMetalTestHarness", "src\unit-testing\RdfMetalTestHarness\RdfMetalTestHarness.csproj", "{EB146F7D-C547-4D5E-9053-9348FAF8B859}"
EndProject
Global
	GlobalSection(TestCaseManagementSettings) = postSolution
		CategoryFile = linqtordf.vsmdi
	EndGlobalSection
	GlobalSection(SolutionConfigurationPlatforms) = preSolution
		Debug|Any CPU = Debug|Any CPU
		Release|Any CPU = Release|Any CPU
	EndGlobalSection
	GlobalSection(ProjectConfigurationPlatforms) = postSolution
		{DCB04931-F2F1-45CA-B857-233D7B0AC615}.Debug|Any CPU.ActiveCfg = Debug|Any CPU
		{DCB04931-F2F1-45CA-B857-233D7B0AC615}.Debug|Any CPU.Build.0 = Debug|Any CPU
		{DCB04931-F2F1-45CA-B857-233D7B0AC615}.Release|Any CPU.ActiveCfg = Release|Any CPU
		{DCB04931-F2F1-45CA-B857-233D7B0AC615}.Release|Any CPU.Build.0 = Release|Any CPU
		{8BAC4EF7-87A2-4B85-B4ED-AFE9D38A8DB5}.Debug|Any CPU.ActiveCfg = Debug|Any CPU
		{8BAC4EF7-87A2-4B85-B4ED-AFE9D38A8DB5}.Debug|Any CPU.Build.0 = Debug|Any CPU
		{8BAC4EF7-87A2-4B85-B4ED-AFE9D38A8DB5}.Release|Any CPU.ActiveCfg = Release|Any CPU
		{8BAC4EF7-87A2-4B85-B4ED-AFE9D38A8DB5}.Release|Any CPU.Build.0 = Release|Any CPU
		{C1B5CACB-CCC2-4440-ADE2-CE4FF9A5EFE1}.Debug|Any CPU.ActiveCfg = Debug|Any CPU
		{C1B5CACB-CCC2-4440-ADE2-CE4FF9A5EFE1}.Debug|Any CPU.Build.0 = Debug|Any CPU
		{C1B5CACB-CCC2-4440-ADE2-CE4FF9A5EFE1}.Release|Any CPU.ActiveCfg = Release|Any CPU
		{C1B5CACB-CCC2-4440-ADE2-CE4FF9A5EFE1}.Release|Any CPU.Build.0 = Release|Any CPU
		{D1DAE61C-25BF-4F7B-B408-196824C979F8}.Debug|Any CPU.ActiveCfg = Debug|Any CPU
		{D1DAE61C-25BF-4F7B-B408-196824C979F8}.Debug|Any CPU.Build.0 = Debug|Any CPU
		{D1DAE61C-25BF-4F7B-B408-196824C979F8}.Release|Any CPU.ActiveCfg = Release|Any CPU
		{D1DAE61C-25BF-4F7B-B408-196824C979F8}.Release|Any CPU.Build.0 = Release|Any CPU
		{0CB2434E-958D-473D-8163-AFBD6AE64C1F}.Debug|Any CPU.ActiveCfg = Debug|Any CPU
		{0CB2434E-958D-473D-8163-AFBD6AE64C1F}.Debug|Any CPU.Build.0 = Debug|Any CPU
		{0CB2434E-958D-473D-8163-AFBD6AE64C1F}.Release|Any CPU.ActiveCfg = Release|Any CPU
		{0CB2434E-958D-473D-8163-AFBD6AE64C1F}.Release|Any CPU.Build.0 = Release|Any CPU
		{FC7A5C6C-78A1-41E8-8F30-179AAAB3200B}.Debug|Any CPU.ActiveCfg = Debug|Any CPU
		{FC7A5C6C-78A1-41E8-8F30-179AAAB3200B}.Release|Any CPU.ActiveCfg = Release|Any CPU
		{FC7A5C6C-78A1-41E8-8F30-179AAAB3200B}.Release|Any CPU.Build.0 = Release|Any CPU
		{0FB23ECB-7B0C-44DD-AC4B-6E5423862D69}.Debug|Any CPU.ActiveCfg = Debug
		{0FB23ECB-7B0C-44DD-AC4B-6E5423862D69}.Release|Any CPU.ActiveCfg = Release
		{27A77018-E35F-445F-9C2F-437CEDE691D6}.Debug|Any CPU.ActiveCfg = Debug|Any CPU
		{27A77018-E35F-445F-9C2F-437CEDE691D6}.Debug|Any CPU.Build.0 = Debug|Any CPU
		{27A77018-E35F-445F-9C2F-437CEDE691D6}.Release|Any CPU.ActiveCfg = Release|Any CPU
		{27A77018-E35F-445F-9C2F-437CEDE691D6}.Release|Any CPU.Build.0 = Release|Any CPU
		{C7765FC0-D249-47F4-9F99-7C7E8ADEA1FC}.Debug|Any CPU.ActiveCfg = Debug|Any CPU
		{C7765FC0-D249-47F4-9F99-7C7E8ADEA1FC}.Debug|Any CPU.Build.0 = Debug|Any CPU
		{C7765FC0-D249-47F4-9F99-7C7E8ADEA1FC}.Release|Any CPU.ActiveCfg = Release|Any CPU
		{C7765FC0-D249-47F4-9F99-7C7E8ADEA1FC}.Release|Any CPU.Build.0 = Release|Any CPU
		{EB146F7D-C547-4D5E-9053-9348FAF8B859}.Debug|Any CPU.ActiveCfg = Debug|Any CPU
		{EB146F7D-C547-4D5E-9053-9348FAF8B859}.Debug|Any CPU.Build.0 = Debug|Any CPU
		{EB146F7D-C547-4D5E-9053-9348FAF8B859}.Release|Any CPU.ActiveCfg = Release|Any CPU
		{EB146F7D-C547-4D5E-9053-9348FAF8B859}.Release|Any CPU.Build.0 = Release|Any CPU
	EndGlobalSection
	GlobalSection(SolutionProperties) = preSolution
		HideSolutionNode = FALSE
	EndGlobalSection
	GlobalSection(TextTemplating) = postSolution
		TextTemplating = 1
	EndGlobalSection
EndGlobal
