
Microsoft Visual Studio Solution File, Format Version 10.00
# Visual Studio 2008
Project("{FAE04EC0-301F-11D3-BF4B-00C04F79EFBC}") = "RdfMetal", "RdfMetal.csproj", "{C7765FC0-D249-47F4-9F99-7C7E8ADEA1FC}"
EndProject
Project("{FAE04EC0-301F-11D3-BF4B-00C04F79EFBC}") = "TestHarness", "..\TestHarness\TestHarness.csproj", "{EB146F7D-C547-4D5E-9053-9348FAF8B859}"
EndProject
Project("{54435603-DBB4-11D2-8724-00A0C9A8B90C}") = "RdfMetalSetup", "..\RdfMetalSetup\RdfMetalSetup.vdproj", "{24FB1CFB-9C6E-482E-A096-925EEB829D18}"
EndProject
Global
	GlobalSection(SolutionConfigurationPlatforms) = preSolution
		Debug|Any CPU = Debug|Any CPU
		Release|Any CPU = Release|Any CPU
	EndGlobalSection
	GlobalSection(ProjectConfigurationPlatforms) = postSolution
		{C7765FC0-D249-47F4-9F99-7C7E8ADEA1FC}.Debug|Any CPU.ActiveCfg = Debug|Any CPU
		{C7765FC0-D249-47F4-9F99-7C7E8ADEA1FC}.Debug|Any CPU.Build.0 = Debug|Any CPU
		{C7765FC0-D249-47F4-9F99-7C7E8ADEA1FC}.Release|Any CPU.ActiveCfg = Release|Any CPU
		{C7765FC0-D249-47F4-9F99-7C7E8ADEA1FC}.Release|Any CPU.Build.0 = Release|Any CPU
		{EB146F7D-C547-4D5E-9053-9348FAF8B859}.Debug|Any CPU.ActiveCfg = Debug|Any CPU
		{EB146F7D-C547-4D5E-9053-9348FAF8B859}.Debug|Any CPU.Build.0 = Debug|Any CPU
		{EB146F7D-C547-4D5E-9053-9348FAF8B859}.Release|Any CPU.ActiveCfg = Release|Any CPU
		{EB146F7D-C547-4D5E-9053-9348FAF8B859}.Release|Any CPU.Build.0 = Release|Any CPU
		{24FB1CFB-9C6E-482E-A096-925EEB829D18}.Debug|Any CPU.ActiveCfg = Debug
		{24FB1CFB-9C6E-482E-A096-925EEB829D18}.Release|Any CPU.ActiveCfg = Release
	EndGlobalSection
	GlobalSection(SolutionProperties) = preSolution
		HideSolutionNode = FALSE
	EndGlobalSection
EndGlobal
