
Microsoft Visual Studio Solution File, Format Version 10.00
# Visual Studio 2008
Project("{FAE04EC0-301F-11D3-BF4B-00C04F79EFBC}") = "Debugging", "Debugging.csproj", "{7f1f3c43-f6a3-4446-9868-58790fb03d13}"
EndProject
Global
	GlobalSection(TextTemplating) = postSolution
		TextTemplating = 1
	EndGlobalSection
	GlobalSection(SolutionConfigurationPlatforms) = preSolution
		Debug|Any CPU = Debug|Any CPU
		Release|Any CPU = Release|Any CPU
	EndGlobalSection
	GlobalSection(ProjectConfigurationPlatforms) = postSolution
		{7f1f3c43-f6a3-4446-9868-58790fb03d13}.Debug|Any CPU.ActiveCfg = Debug|Any CPU
		{7f1f3c43-f6a3-4446-9868-58790fb03d13}.Debug|Any CPU.Build.0 = Debug|Any CPU
		{7f1f3c43-f6a3-4446-9868-58790fb03d13}.Release|Any CPU.ActiveCfg = Release|Any CPU
		{7f1f3c43-f6a3-4446-9868-58790fb03d13}.Release|Any CPU.Build.0 = Release|Any CPU
	EndGlobalSection
	GlobalSection(SolutionProperties) = preSolution
		HideSolutionNode = FALSE
	EndGlobalSection
EndGlobal
